{
	"name": "discord-arts",
	"version": "0.6.2",
	"lockfileVersion": 3,
	"requires": true,
	"packages": {
		"": {
			"name": "discord-arts",
			"version": "0.6.2",
			"license": "UNLICENSED",
			"dependencies": {
				"@napi-rs/canvas": "^0.1.33",
				"node-fetch": "^2.6.7"
			},
			"devDependencies": {
				"@biomejs/biome": "^2.3.10"
			}
		},
		"node_modules/@biomejs/biome": {
			"version": "2.3.10",
			"resolved": "https://registry.npmjs.org/@biomejs/biome/-/biome-2.3.10.tgz",
			"integrity": "sha512-/uWSUd1MHX2fjqNLHNL6zLYWBbrJeG412/8H7ESuK8ewoRoMPUgHDebqKrPTx/5n6f17Xzqc9hdg3MEqA5hXnQ==",
			"dev": true,
			"license": "MIT OR Apache-2.0",
			"bin": {
				"biome": "bin/biome"
			},
			"engines": {
				"node": ">=14.21.3"
			},
			"funding": {
				"type": "opencollective",
				"url": "https://opencollective.com/biome"
			},
			"optionalDependencies": {
				"@biomejs/cli-darwin-arm64": "2.3.10",
				"@biomejs/cli-darwin-x64": "2.3.10",
				"@biomejs/cli-linux-arm64": "2.3.10",
				"@biomejs/cli-linux-arm64-musl": "2.3.10",
				"@biomejs/cli-linux-x64": "2.3.10",
				"@biomejs/cli-linux-x64-musl": "2.3.10",
				"@biomejs/cli-win32-arm64": "2.3.10",
				"@biomejs/cli-win32-x64": "2.3.10"
			}
		},
		"node_modules/@biomejs/cli-darwin-arm64": {
			"version": "2.3.10",
			"resolved": "https://registry.npmjs.org/@biomejs/cli-darwin-arm64/-/cli-darwin-arm64-2.3.10.tgz",
			"integrity": "sha512-M6xUjtCVnNGFfK7HMNKa593nb7fwNm43fq1Mt71kpLpb+4mE7odO8W/oWVDyBVO4ackhresy1ZYO7OJcVo/B7w==",
			"cpu": [
				"arm64"
			],
			"dev": true,
			"license": "MIT OR Apache-2.0",
			"optional": true,
			"os": [
				"darwin"
			],
			"engines": {
				"node": ">=14.21.3"
			}
		},
		"node_modules/@biomejs/cli-darwin-x64": {
			"version": "2.3.10",
			"resolved": "https://registry.npmjs.org/@biomejs/cli-darwin-x64/-/cli-darwin-x64-2.3.10.tgz",
			"integrity": "sha512-Vae7+V6t/Avr8tVbFNjnFSTKZogZHFYl7MMH62P/J1kZtr0tyRQ9Fe0onjqjS2Ek9lmNLmZc/VR5uSekh+p1fg==",
			"cpu": [
				"x64"
			],
			"dev": true,
			"license": "MIT OR Apache-2.0",
			"optional": true,
			"os": [
				"darwin"
			],
			"engines": {
				"node": ">=14.21.3"
			}
		},
		"node_modules/@biomejs/cli-linux-arm64": {
			"version": "2.3.10",
			"resolved": "https://registry.npmjs.org/@biomejs/cli-linux-arm64/-/cli-linux-arm64-2.3.10.tgz",
			"integrity": "sha512-hhPw2V3/EpHKsileVOFynuWiKRgFEV48cLe0eA+G2wO4SzlwEhLEB9LhlSrVeu2mtSn205W283LkX7Fh48CaxA==",
			"cpu": [
				"arm64"
			],
			"dev": true,
			"license": "MIT OR Apache-2.0",
			"optional": true,
			"os": [
				"linux"
			],
			"engines": {
				"node": ">=14.21.3"
			}
		},
		"node_modules/@biomejs/cli-linux-arm64-musl": {
			"version": "2.3.10",
			"resolved": "https://registry.npmjs.org/@biomejs/cli-linux-arm64-musl/-/cli-linux-arm64-musl-2.3.10.tgz",
			"integrity": "sha512-B9DszIHkuKtOH2IFeeVkQmSMVUjss9KtHaNXquYYWCjH8IstNgXgx5B0aSBQNr6mn4RcKKRQZXn9Zu1rM3O0/A==",
			"cpu": [
				"arm64"
			],
			"dev": true,
			"license": "MIT OR Apache-2.0",
			"optional": true,
			"os": [
				"linux"
			],
			"engines": {
				"node": ">=14.21.3"
			}
		},
		"node_modules/@biomejs/cli-linux-x64": {
			"version": "2.3.10",
			"resolved": "https://registry.npmjs.org/@biomejs/cli-linux-x64/-/cli-linux-x64-2.3.10.tgz",
			"integrity": "sha512-wwAkWD1MR95u+J4LkWP74/vGz+tRrIQvr8kfMMJY8KOQ8+HMVleREOcPYsQX82S7uueco60L58Wc6M1I9WA9Dw==",
			"cpu": [
				"x64"
			],
			"dev": true,
			"license": "MIT OR Apache-2.0",
			"optional": true,
			"os": [
				"linux"
			],
			"engines": {
				"node": ">=14.21.3"
			}
		},
		"node_modules/@biomejs/cli-linux-x64-musl": {
			"version": "2.3.10",
			"resolved": "https://registry.npmjs.org/@biomejs/cli-linux-x64-musl/-/cli-linux-x64-musl-2.3.10.tgz",
			"integrity": "sha512-QTfHZQh62SDFdYc2nfmZFuTm5yYb4eO1zwfB+90YxUumRCR171tS1GoTX5OD0wrv4UsziMPmrePMtkTnNyYG3g==",
			"cpu": [
				"x64"
			],
			"dev": true,
			"license": "MIT OR Apache-2.0",
			"optional": true,
			"os": [
				"linux"
			],
			"engines": {
				"node": ">=14.21.3"
			}
		},
		"node_modules/@biomejs/cli-win32-arm64": {
			"version": "2.3.10",
			"resolved": "https://registry.npmjs.org/@biomejs/cli-win32-arm64/-/cli-win32-arm64-2.3.10.tgz",
			"integrity": "sha512-o7lYc9n+CfRbHvkjPhm8s9FgbKdYZu5HCcGVMItLjz93EhgJ8AM44W+QckDqLA9MKDNFrR8nPbO4b73VC5kGGQ==",
			"cpu": [
				"arm64"
			],
			"dev": true,
			"license": "MIT OR Apache-2.0",
			"optional": true,
			"os": [
				"win32"
			],
			"engines": {
				"node": ">=14.21.3"
			}
		},
		"node_modules/@biomejs/cli-win32-x64": {
			"version": "2.3.10",
			"resolved": "https://registry.npmjs.org/@biomejs/cli-win32-x64/-/cli-win32-x64-2.3.10.tgz",
			"integrity": "sha512-pHEFgq7dUEsKnqG9mx9bXihxGI49X+ar+UBrEIj3Wqj3UCZp1rNgV+OoyjFgcXsjCWpuEAF4VJdkZr3TrWdCbQ==",
			"cpu": [
				"x64"
			],
			"dev": true,
			"license": "MIT OR Apache-2.0",
			"optional": true,
			"os": [
				"win32"
			],
			"engines": {
				"node": ">=14.21.3"
			}
		},
		"node_modules/@napi-rs/canvas": {
			"version": "0.1.86",
			"resolved": "https://registry.npmjs.org/@napi-rs/canvas/-/canvas-0.1.86.tgz",
			"integrity": "sha512-hOkywnrkdFdVpsuaNsZWfEY7kc96eROV2DuMTTvGF15AZfwobzdG2w0eDlU5UBx3Lg/XlWUnqVT5zLUWyo5h6A==",
			"license": "MIT",
			"workspaces": [
				"e2e/*"
			],
			"engines": {
				"node": ">= 10"
			},
			"funding": {
				"type": "github",
				"url": "https://github.com/sponsors/Brooooooklyn"
			},
			"optionalDependencies": {
				"@napi-rs/canvas-android-arm64": "0.1.86",
				"@napi-rs/canvas-darwin-arm64": "0.1.86",
				"@napi-rs/canvas-darwin-x64": "0.1.86",
				"@napi-rs/canvas-linux-arm-gnueabihf": "0.1.86",
				"@napi-rs/canvas-linux-arm64-gnu": "0.1.86",
				"@napi-rs/canvas-linux-arm64-musl": "0.1.86",
				"@napi-rs/canvas-linux-riscv64-gnu": "0.1.86",
				"@napi-rs/canvas-linux-x64-gnu": "0.1.86",
				"@napi-rs/canvas-linux-x64-musl": "0.1.86",
				"@napi-rs/canvas-win32-arm64-msvc": "0.1.86",
				"@napi-rs/canvas-win32-x64-msvc": "0.1.86"
			}
		},
		"node_modules/@napi-rs/canvas-android-arm64": {
			"version": "0.1.86",
			"resolved": "https://registry.npmjs.org/@napi-rs/canvas-android-arm64/-/canvas-android-arm64-0.1.86.tgz",
			"integrity": "sha512-IjkZFKUr6GzMzzrawJaN3v+yY3Fvpa71e0DcbePfxWelFKnESIir+XUcdAbim29JOd0JE0/hQJdfUCb5t/Fjrw==",
			"cpu": [
				"arm64"
			],
			"license": "MIT",
			"optional": true,
			"os": [
				"android"
			],
			"engines": {
				"node": ">= 10"
			},
			"funding": {
				"type": "github",
				"url": "https://github.com/sponsors/Brooooooklyn"
			}
		},
		"node_modules/@napi-rs/canvas-darwin-arm64": {
			"version": "0.1.86",
			"resolved": "https://registry.npmjs.org/@napi-rs/canvas-darwin-arm64/-/canvas-darwin-arm64-0.1.86.tgz",
			"integrity": "sha512-PUCxDq0wSSJbtaOqoKj3+t5tyDbtxWumziOTykdn3T839hu6koMaBFpGk9lXpsGaPNgyFpPqjxhtsPljBGnDHg==",
			"cpu": [
				"arm64"
			],
			"license": "MIT",
			"optional": true,
			"os": [
				"darwin"
			],
			"engines": {
				"node": ">= 10"
			},
			"funding": {
				"type": "github",
				"url": "https://github.com/sponsors/Brooooooklyn"
			}
		},
		"node_modules/@napi-rs/canvas-darwin-x64": {
			"version": "0.1.86",
			"resolved": "https://registry.npmjs.org/@napi-rs/canvas-darwin-x64/-/canvas-darwin-x64-0.1.86.tgz",
			"integrity": "sha512-rlCFLv4Rrg45qFZq7mysrKnsUbMhwdNg3YPuVfo9u4RkOqm7ooAJvdyDFxiqfSsJJTqupYqa9VQCUt8WKxKhNQ==",
			"cpu": [
				"x64"
			],
			"license": "MIT",
			"optional": true,
			"os": [
				"darwin"
			],
			"engines": {
				"node": ">= 10"
			},
			"funding": {
				"type": "github",
				"url": "https://github.com/sponsors/Brooooooklyn"
			}
		},
		"node_modules/@napi-rs/canvas-linux-arm-gnueabihf": {
			"version": "0.1.86",
			"resolved": "https://registry.npmjs.org/@napi-rs/canvas-linux-arm-gnueabihf/-/canvas-linux-arm-gnueabihf-0.1.86.tgz",
			"integrity": "sha512-6xWwyMc9BlDBt+9XHN/GzUo3MozHta/2fxQHMb80x0K2zpZuAdDKUYHmYzx9dFWDY3SbPYnx6iRlQl6wxnwS1w==",
			"cpu": [
				"arm"
			],
			"license": "MIT",
			"optional": true,
			"os": [
				"linux"
			],
			"engines": {
				"node": ">= 10"
			},
			"funding": {
				"type": "github",
				"url": "https://github.com/sponsors/Brooooooklyn"
			}
		},
		"node_modules/@napi-rs/canvas-linux-arm64-gnu": {
			"version": "0.1.86",
			"resolved": "https://registry.npmjs.org/@napi-rs/canvas-linux-arm64-gnu/-/canvas-linux-arm64-gnu-0.1.86.tgz",
			"integrity": "sha512-r2OX3w50xHxrToTovOSQWwkVfSq752CUzH9dzlVXyr8UDKFV8dMjfa9hePXvAJhN3NBp4TkHcGx15QCdaCIwnA==",
			"cpu": [
				"arm64"
			],
			"license": "MIT",
			"optional": true,
			"os": [
				"linux"
			],
			"engines": {
				"node": ">= 10"
			},
			"funding": {
				"type": "github",
				"url": "https://github.com/sponsors/Brooooooklyn"
			}
		},
		"node_modules/@napi-rs/canvas-linux-arm64-musl": {
			"version": "0.1.86",
			"resolved": "https://registry.npmjs.org/@napi-rs/canvas-linux-arm64-musl/-/canvas-linux-arm64-musl-0.1.86.tgz",
			"integrity": "sha512-jbXuh8zVFUPw6a9SGpgc6EC+fRbGGyP1NFfeQiVqGLs6bN93ROtPLPL6MH9Bp6yt0CXUFallk2vgKdWDbmW+bw==",
			"cpu": [
				"arm64"
			],
			"license": "MIT",
			"optional": true,
			"os": [
				"linux"
			],
			"engines": {
				"node": ">= 10"
			},
			"funding": {
				"type": "github",
				"url": "https://github.com/sponsors/Brooooooklyn"
			}
		},
		"node_modules/@napi-rs/canvas-linux-riscv64-gnu": {
			"version": "0.1.86",
			"resolved": "https://registry.npmjs.org/@napi-rs/canvas-linux-riscv64-gnu/-/canvas-linux-riscv64-gnu-0.1.86.tgz",
			"integrity": "sha512-9IwHR2qbq2HceM9fgwyL7x37Jy3ptt1uxvikQEuWR0FisIx9QEdt7F3huljCky76aoouF2vSd0R2fHo3ESRoPw==",
			"cpu": [
				"riscv64"
			],
			"license": "MIT",
			"optional": true,
			"os": [
				"linux"
			],
			"engines": {
				"node": ">= 10"
			},
			"funding": {
				"type": "github",
				"url": "https://github.com/sponsors/Brooooooklyn"
			}
		},
		"node_modules/@napi-rs/canvas-linux-x64-gnu": {
			"version": "0.1.86",
			"resolved": "https://registry.npmjs.org/@napi-rs/canvas-linux-x64-gnu/-/canvas-linux-x64-gnu-0.1.86.tgz",
			"integrity": "sha512-Jor+rhRN6ubix+D2QkNn9XlPPVAYl+2qFrkZ4oZN9UgtqIUZ+n+HljxhlkkDFRaX1mlxXOXPQjxaZg17zDSFcQ==",
			"cpu": [
				"x64"
			],
			"license": "MIT",
			"optional": true,
			"os": [
				"linux"
			],
			"engines": {
				"node": ">= 10"
			},
			"funding": {
				"type": "github",
				"url": "https://github.com/sponsors/Brooooooklyn"
			}
		},
		"node_modules/@napi-rs/canvas-linux-x64-musl": {
			"version": "0.1.86",
			"resolved": "https://registry.npmjs.org/@napi-rs/canvas-linux-x64-musl/-/canvas-linux-x64-musl-0.1.86.tgz",
			"integrity": "sha512-A28VTy91DbclopSGZ2tIon3p8hcVI1JhnNpDpJ5N9rYlUnVz1WQo4waEMh+FICTZF07O3coxBNZc4Vu4doFw7A==",
			"cpu": [
				"x64"
			],
			"license": "MIT",
			"optional": true,
			"os": [
				"linux"
			],
			"engines": {
				"node": ">= 10"
			},
			"funding": {
				"type": "github",
				"url": "https://github.com/sponsors/Brooooooklyn"
			}
		},
		"node_modules/@napi-rs/canvas-win32-arm64-msvc": {
			"version": "0.1.86",
			"resolved": "https://registry.npmjs.org/@napi-rs/canvas-win32-arm64-msvc/-/canvas-win32-arm64-msvc-0.1.86.tgz",
			"integrity": "sha512-q6G1YXUt3gBCAS2bcDMCaBL4y20di8eVVBi1XhjUqZSVyZZxxwIuRQHy31NlPJUCMiyNiMuc6zeI0uqgkWwAmA==",
			"cpu": [
				"arm64"
			],
			"license": "MIT",
			"optional": true,
			"os": [
				"win32"
			],
			"engines": {
				"node": ">= 10"
			},
			"funding": {
				"type": "github",
				"url": "https://github.com/sponsors/Brooooooklyn"
			}
		},
		"node_modules/@napi-rs/canvas-win32-x64-msvc": {
			"version": "0.1.86",
			"resolved": "https://registry.npmjs.org/@napi-rs/canvas-win32-x64-msvc/-/canvas-win32-x64-msvc-0.1.86.tgz",
			"integrity": "sha512-X0g46uRVgnvCM1cOjRXAOSFSG63ktUFIf/TIfbKCUc7QpmYUcHmSP9iR6DGOYfk+SggLsXoJCIhPTotYeZEAmg==",
			"cpu": [
				"x64"
			],
			"license": "MIT",
			"optional": true,
			"os": [
				"win32"
			],
			"engines": {
				"node": ">= 10"
			},
			"funding": {
				"type": "github",
				"url": "https://github.com/sponsors/Brooooooklyn"
			}
		},
		"node_modules/node-fetch": {
			"version": "2.7.0",
			"resolved": "https://registry.npmjs.org/node-fetch/-/node-fetch-2.7.0.tgz",
			"integrity": "sha512-c4FRfUm/dbcWZ7U+1Wq0AwCyFL+3nt2bEw05wfxSz+DWpWsitgmSgYmy2dQdWyKC1694ELPqMs/YzUSNozLt8A==",
			"license": "MIT",
			"dependencies": {
				"whatwg-url": "^5.0.0"
			},
			"engines": {
				"node": "4.x || >=6.0.0"
			},
			"peerDependencies": {
				"encoding": "^0.1.0"
			},
			"peerDependenciesMeta": {
				"encoding": {
					"optional": true
				}
			}
		},
		"node_modules/tr46": {
			"version": "0.0.3",
			"resolved": "https://registry.npmjs.org/tr46/-/tr46-0.0.3.tgz",
			"integrity": "sha512-N3WMsuqV66lT30CrXNbEjx4GEwlow3v6rr4mCcv6prnfwhS01rkgyFdjPNBYd9br7LpXV1+Emh01fHnq2Gdgrw==",
			"license": "MIT"
		},
		"node_modules/webidl-conversions": {
			"version": "3.0.1",
			"resolved": "https://registry.npmjs.org/webidl-conversions/-/webidl-conversions-3.0.1.tgz",
			"integrity": "sha512-2JAn3z8AR6rjK8Sm8orRC0h/bcl/DqL7tRPdGZ4I1CjdF+EaMLmYxBHyXuKL849eucPFhvBoxMsflfOb8kxaeQ==",
			"license": "BSD-2-Clause"
		},
		"node_modules/whatwg-url": {
			"version": "5.0.0",
			"resolved": "https://registry.npmjs.org/whatwg-url/-/whatwg-url-5.0.0.tgz",
			"integrity": "sha512-saE57nupxk6v3HY35+jzBwYa0rKSy0XR8JSxZPwgLr7ys0IBzhGviA1/TUGJLmSVqs8pb9AnvICXEuOHLprYTw==",
			"license": "MIT",
			"dependencies": {
				"tr46": "~0.0.3",
				"webidl-conversions": "^3.0.0"
			}
		}
	}
}
